// !$*UTF8*$!
{
	archiveVersion = 1;
	classes = {
	};
	objectVersion = 50;
	objects = {

/* Begin PBXBuildFile section */
		42149E91286612FC00D6E300 /* AppDelegate.swift in Sources */ = {isa = PBXBuildFile; fileRef = 42149E90286612FC00D6E300 /* AppDelegate.swift */; };
		42149E93286612FC00D6E300 /* SceneDelegate.swift in Sources */ = {isa = PBXBuildFile; fileRef = 42149E92286612FC00D6E300 /* SceneDelegate.swift */; };
		42149E9A2866130200D6E300 /* Assets.xcassets in Resources */ = {isa = PBXBuildFile; fileRef = 42149E992866130200D6E300 /* Assets.xcassets */; };
		42149E9D2866130200D6E300 /* LaunchScreen.storyboard in Resources */ = {isa = PBXBuildFile; fileRef = 42149E9B2866130200D6E300 /* LaunchScreen.storyboard */; };
		42149EA52866264E00D6E300 /* FlagsViewController.swift in Sources */ = {isa = PBXBuildFile; fileRef = 42149EA42866264E00D6E300 /* FlagsViewController.swift */; };
		42149EA7286627FC00D6E300 /* Flags.swift in Sources */ = {isa = PBXBuildFile; fileRef = 42149EA6286627FC00D6E300 /* Flags.swift */; };
		42149EA928662E5700D6E300 /* FlagAPI.swift in Sources */ = {isa = PBXBuildFile; fileRef = 42149EA828662E5700D6E300 /* FlagAPI.swift */; };
		42149EAD2866469C00D6E300 /* FlagTableViewCell.swift in Sources */ = {isa = PBXBuildFile; fileRef = 42149EAC2866469C00D6E300 /* FlagTableViewCell.swift */; };
		42149EB1286A7C0400D6E300 /* FlagDetailViewController.swift in Sources */ = {isa = PBXBuildFile; fileRef = 42149EB0286A7C0300D6E300 /* FlagDetailViewController.swift */; };
/* End PBXBuildFile section */

/* Begin PBXFileReference section */
		42149E8D286612FC00D6E300 /* Challenge1Flags.app */ = {isa = PBXFileReference; explicitFileType = wrapper.application; includeInIndex = 0; path = Challenge1Flags.app; sourceTree = BUILT_PRODUCTS_DIR; };
		42149E90286612FC00D6E300 /* AppDelegate.swift */ = {isa = PBXFileReference; lastKnownFileType = sourcecode.swift; path = AppDelegate.swift; sourceTree = "<group>"; };
		42149E92286612FC00D6E300 /* SceneDelegate.swift */ = {isa = PBXFileReference; lastKnownFileType = sourcecode.swift; path = SceneDelegate.swift; sourceTree = "<group>"; };
		42149E992866130200D6E300 /* Assets.xcassets */ = {isa = PBXFileReference; lastKnownFileType = folder.assetcatalog; path = Assets.xcassets; sourceTree = "<group>"; };
		42149E9C2866130200D6E300 /* Base */ = {isa = PBXFileReference; lastKnownFileType = file.storyboard; name = Base; path = Base.lproj/LaunchScreen.storyboard; sourceTree = "<group>"; };
		42149E9E2866130200D6E300 /* Info.plist */ = {isa = PBXFileReference; lastKnownFileType = text.plist.xml; path = Info.plist; sourceTree = "<group>"; };
		42149EA42866264E00D6E300 /* FlagsViewController.swift */ = {isa = PBXFileReference; lastKnownFileType = sourcecode.swift; path = FlagsViewController.swift; sourceTree = "<group>"; };
		42149EA6286627FC00D6E300 /* Flags.swift */ = {isa = PBXFileReference; lastKnownFileType = sourcecode.swift; path = Flags.swift; sourceTree = "<group>"; };
		42149EA828662E5700D6E300 /* FlagAPI.swift */ = {isa = PBXFileReference; lastKnownFileType = sourcecode.swift; path = FlagAPI.swift; sourceTree = "<group>"; };
		42149EAC2866469C00D6E300 /* FlagTableViewCell.swift */ = {isa = PBXFileReference; lastKnownFileType = sourcecode.swift; path = FlagTableViewCell.swift; sourceTree = "<group>"; };
		42149EB0286A7C0300D6E300 /* FlagDetailViewController.swift */ = {isa = PBXFileReference; lastKnownFileType = sourcecode.swift; path = FlagDetailViewController.swift; sourceTree = "<group>"; };
/* End PBXFileReference section */

/* Begin PBXFrameworksBuildPhase section */
		42149E8A286612FC00D6E300 /* Frameworks */ = {
			isa = PBXFrameworksBuildPhase;
			buildActionMask = 2147483647;
			files = (
			);
			runOnlyForDeploymentPostprocessing = 0;
		};
/* End PBXFrameworksBuildPhase section */

/* Begin PBXGroup section */
		42149E84286612FC00D6E300 = {
			isa = PBXGroup;
			children = (
				42149E8F286612FC00D6E300 /* Challenge1Flags */,
				42149E8E286612FC00D6E300 /* Products */,
			);
			sourceTree = "<group>";
		};
		42149E8E286612FC00D6E300 /* Products */ = {
			isa = PBXGroup;
			children = (
				42149E8D286612FC00D6E300 /* Challenge1Flags.app */,
			);
			name = Products;
			sourceTree = "<group>";
		};
		42149E8F286612FC00D6E300 /* Challenge1Flags */ = {
			isa = PBXGroup;
			children = (
				42149E90286612FC00D6E300 /* AppDelegate.swift */,
				42149E92286612FC00D6E300 /* SceneDelegate.swift */,
				42149E992866130200D6E300 /* Assets.xcassets */,
				42149E9B2866130200D6E300 /* LaunchScreen.storyboard */,
				42149E9E2866130200D6E300 /* Info.plist */,
				42149EA42866264E00D6E300 /* FlagsViewController.swift */,
				42149EA6286627FC00D6E300 /* Flags.swift */,
				42149EA828662E5700D6E300 /* FlagAPI.swift */,
				42149EAC2866469C00D6E300 /* FlagTableViewCell.swift */,
				42149EB0286A7C0300D6E300 /* FlagDetailViewController.swift */,
			);
			path = Challenge1Flags;
			sourceTree = "<group>";
		};
/* End PBXGroup section */

/* Begin PBXNativeTarget section */
		42149E8C286612FC00D6E300 /* Challenge1Flags */ = {
			isa = PBXNativeTarget;
			buildConfigurationList = 42149EA12866130200D6E300 /* Build configuration list for PBXNativeTarget "Challenge1Flags" */;
			buildPhases = (
				42149E89286612FC00D6E300 /* Sources */,
				42149E8A286612FC00D6E300 /* Frameworks */,
				42149E8B286612FC00D6E300 /* Resources */,
			);
			buildRules = (
			);
			dependencies = (
			);
			name = Challenge1Flags;
			productName = Challenge1Flags;
			productReference = 42149E8D286612FC00D6E300 /* Challenge1Flags.app */;
			productType = "com.apple.product-type.application";
		};
/* End PBXNativeTarget section */

/* Begin PBXProject section */
		42149E85286612FC00D6E300 /* Project object */ = {
			isa = PBXProject;
			attributes = {
				LastSwiftUpdateCheck = 1250;
				LastUpgradeCheck = 1250;
				TargetAttributes = {
					42149E8C286612FC00D6E300 = {
						CreatedOnToolsVersion = 12.5.1;
					};
				};
			};
			buildConfigurationList = 42149E88286612FC00D6E300 /* Build configuration list for PBXProject "Challenge1Flags" */;
			compatibilityVersion = "Xcode 9.3";
			developmentRegion = en;
			hasScannedForEncodings = 0;
			knownRegions = (
				en,
				Base,
			);
			mainGroup = 42149E84286612FC00D6E300;
			productRefGroup = 42149E8E286612FC00D6E300 /* Products */;
			projectDirPath = "";
			projectRoot = "";
			targets = (
				42149E8C286612FC00D6E300 /* Challenge1Flags */,
			);
		};
/* End PBXProject section */

/* Begin PBXResourcesBuildPhase section */
		42149E8B286612FC00D6E300 /* Resources */ = {
			isa = PBXResourcesBuildPhase;
			buildActionMask = 2147483647;
			files = (
				42149E9D2866130200D6E300 /* LaunchScreen.storyboard in Resources */,
				42149E9A2866130200D6E300 /* Assets.xcassets in Resources */,
			);
			runOnlyForDeploymentPostprocessing = 0;
		};
/* End PBXResourcesBuildPhase section */

/* Begin PBXSourcesBuildPhase section */
		42149E89286612FC00D6E300 /* Sources */ = {
			isa = PBXSourcesBuildPhase;
			buildActionMask = 2147483647;
			files = (
				42149EB1286A7C0400D6E300 /* FlagDetailViewController.swift in Sources */,
				42149E91286612FC00D6E300 /* AppDelegate.swift in Sources */,
				42149EA52866264E00D6E300 /* FlagsViewController.swift in Sources */,
				42149E93286612FC00D6E300 /* SceneDelegate.swift in Sources */,
				42149EA7286627FC00D6E300 /* Flags.swift in Sources */,
				42149EA928662E5700D6E300 /* FlagAPI.swift in Sources */,
				42149EAD2866469C00D6E300 /* FlagTableViewCell.swift in Sources */,
			);
			runOnlyForDeploymentPostprocessing = 0;
		};
/* End PBXSourcesBuildPhase section */

/* Begin PBXVariantGroup section */
		42149E9B2866130200D6E300 /* LaunchScreen.storyboard */ = {
			isa = PBXVariantGroup;
			children = (
				42149E9C2866130200D6E300 /* Base */,
			);
			name = LaunchScreen.storyboard;
			sourceTree = "<group>";
		};
/* End PBXVariantGroup section */

/* Begin XCBuildConfiguration section */
		42149E9F2866130200D6E300 /* Debug */ = {
			isa = XCBuildConfiguration;
			buildSettings = {
				ALWAYS_SEARCH_USER_PATHS = NO;
				CLANG_ANALYZER_NONNULL = YES;
				CLANG_ANALYZER_NUMBER_OBJECT_CONVERSION = YES_AGGRESSIVE;
				CLANG_CXX_LANGUAGE_STANDARD = "gnu++14";
				CLANG_CXX_LIBRARY = "libc++";
				CLANG_ENABLE_MODULES = YES;
				CLANG_ENABLE_OBJC_ARC = YES;
				CLANG_ENABLE_OBJC_WEAK = YES;
				CLANG_WARN_BLOCK_CAPTURE_AUTORELEASING = YES;
				CLANG_WARN_BOOL_CONVERSION = YES;
				CLANG_WARN_COMMA = YES;
				CLANG_WARN_CONSTANT_CONVERSION = YES;
				CLANG_WARN_DEPRECATED_OBJC_IMPLEMENTATIONS = YES;
				CLANG_WARN_DIRECT_OBJC_ISA_USAGE = YES_ERROR;
				CLANG_WARN_DOCUMENTATION_COMMENTS = YES;
				CLANG_WARN_EMPTY_BODY = YES;
				CLANG_WARN_ENUM_CONVERSION = YES;
				CLANG_WARN_INFINITE_RECURSION = YES;
				CLANG_WARN_INT_CONVERSION = YES;
				CLANG_WARN_NON_LITERAL_NULL_CONVERSION = YES;
				CLANG_WARN_OBJC_IMPLICIT_RETAIN_SELF = YES;
				CLANG_WARN_OBJC_LITERAL_CONVERSION = YES;
				CLANG_WARN_OBJC_ROOT_CLASS = YES_ERROR;
				CLANG_WARN_QUOTED_INCLUDE_IN_FRAMEWORK_HEADER = YES;
				CLANG_WARN_RANGE_LOOP_ANALYSIS = YES;
				CLANG_WARN_STRICT_PROTOTYPES = YES;
				CLANG_WARN_SUSPICIOUS_MOVE = YES;
				CLANG_WARN_UNGUARDED_AVAILABILITY = YES_AGGRESSIVE;
				CLANG_WARN_UNREACHABLE_CODE = YES;
				CLANG_WARN__DUPLICATE_METHOD_MATCH = YES;
				COPY_PHASE_STRIP = NO;
				DEBUG_INFORMATION_FORMAT = dwarf;
				ENABLE_STRICT_OBJC_MSGSEND = YES;
				ENABLE_TESTABILITY = YES;
				GCC_C_LANGUAGE_STANDARD = gnu11;
				GCC_DYNAMIC_NO_PIC = NO;
				GCC_NO_COMMON_BLOCKS = YES;
				GCC_OPTIMIZATION_LEVEL = 0;
				GCC_PREPROCESSOR_DEFINITIONS = (
					"DEBUG=1",
					"$(inherited)",
				);
				GCC_WARN_64_TO_32_BIT_CONVERSION = YES;
				GCC_WARN_ABOUT_RETURN_TYPE = YES_ERROR;
				GCC_WARN_UNDECLARED_SELECTOR = YES;
				GCC_WARN_UNINITIALIZED_AUTOS = YES_AGGRESSIVE;
				GCC_WARN_UNUSED_FUNCTION = YES;
				GCC_WARN_UNUSED_VARIABLE = YES;
				IPHONEOS_DEPLOYMENT_TARGET = 14.5;
				MTL_ENABLE_DEBUG_INFO = INCLUDE_SOURCE;
				MTL_FAST_MATH = YES;
				ONLY_ACTIVE_ARCH = YES;
				SDKROOT = iphoneos;
				SWIFT_ACTIVE_COMPILATION_CONDITIONS = DEBUG;
				SWIFT_OPTIMIZATION_LEVEL = "-Onone";
			};
			name = Debug;
		};
		42149EA02866130200D6E300 /* Release */ = {
			isa = XCBuildConfiguration;
			buildSettings = {
				ALWAYS_SEARCH_USER_PATHS = NO;
				CLANG_ANALYZER_NONNULL = YES;
				CLANG_ANALYZER_NUMBER_OBJECT_CONVERSION = YES_AGGRESSIVE;
				CLANG_CXX_LANGUAGE_STANDARD = "gnu++14";
				CLANG_CXX_LIBRARY = "libc++";
				CLANG_ENABLE_MODULES = YES;
				CLANG_ENABLE_OBJC_ARC = YES;
				CLANG_ENABLE_OBJC_WEAK = YES;
				CLANG_WARN_BLOCK_CAPTURE_AUTORELEASING = YES;
				CLANG_WARN_BOOL_CONVERSION = YES;
				CLANG_WARN_COMMA = YES;
				CLANG_WARN_CONSTANT_CONVERSION = YES;
				CLANG_WARN_DEPRECATED_OBJC_IMPLEMENTATIONS = YES;
				CLANG_WARN_DIRECT_OBJC_ISA_USAGE = YES_ERROR;
				CLANG_WARN_DOCUMENTATION_COMMENTS = YES;
				CLANG_WARN_EMPTY_BODY = YES;
				CLANG_WARN_ENUM_CONVERSION = YES;
				CLANG_WARN_INFINITE_RECURSION = YES;
				CLANG_WARN_INT_CONVERSION = YES;
				CLANG_WARN_NON_LITERAL_NULL_CONVERSION = YES;
				CLANG_WARN_OBJC_IMPLICIT_RETAIN_SELF = YES;
				CLANG_WARN_OBJC_LITERAL_CONVERSION = YES;
				CLANG_WARN_OBJC_ROOT_CLASS = YES_ERROR;
				CLANG_WARN_QUOTED_INCLUDE_IN_FRAMEWORK_HEADER = YES;
				CLANG_WARN_RANGE_LOOP_ANALYSIS = YES;
				CLANG_WARN_STRICT_PROTOTYPES = YES;
				CLANG_WARN_SUSPICIOUS_MOVE = YES;
				CLANG_WARN_UNGUARDED_AVAILABILITY = YES_AGGRESSIVE;
				CLANG_WARN_UNREACHABLE_CODE = YES;
				CLANG_WARN__DUPLICATE_METHOD_MATCH = YES;
				COPY_PHASE_STRIP = NO;
				DEBUG_INFORMATION_FORMAT = "dwarf-with-dsym";
				ENABLE_NS_ASSERTIONS = NO;
				ENABLE_STRICT_OBJC_MSGSEND = YES;
				GCC_C_LANGUAGE_STANDARD = gnu11;
				GCC_NO_COMMON_BLOCKS = YES;
				GCC_WARN_64_TO_32_BIT_CONVERSION = YES;
				GCC_WARN_ABOUT_RETURN_TYPE = YES_ERROR;
				GCC_WARN_UNDECLARED_SELECTOR = YES;
				GCC_WARN_UNINITIALIZED_AUTOS = YES_AGGRESSIVE;
				GCC_WARN_UNUSED_FUNCTION = YES;
				GCC_WARN_UNUSED_VARIABLE = YES;
				IPHONEOS_DEPLOYMENT_TARGET = 14.5;
				MTL_ENABLE_DEBUG_INFO = NO;
				MTL_FAST_MATH = YES;
				SDKROOT = iphoneos;
				SWIFT_COMPILATION_MODE = wholemodule;
				SWIFT_OPTIMIZATION_LEVEL = "-O";
				VALIDATE_PRODUCT = YES;
			};
			name = Release;
		};
		42149EA22866130200D6E300 /* Debug */ = {
			isa = XCBuildConfiguration;
			buildSettings = {
				ASSETCATALOG_COMPILER_APPICON_NAME = AppIcon;
				ASSETCATALOG_COMPILER_GLOBAL_ACCENT_COLOR_NAME = AccentColor;
				CODE_SIGN_STYLE = Automatic;
				DEVELOPMENT_TEAM = HPXMDUH97M;
				INFOPLIST_FILE = Challenge1Flags/Info.plist;
				LD_RUNPATH_SEARCH_PATHS = (
					"$(inherited)",
					"@executable_path/Frameworks",
				);
				PRODUCT_BUNDLE_IDENTIFIER = br.com.cleis.Challenge1Flags;
				PRODUCT_NAME = "$(TARGET_NAME)";
				SWIFT_VERSION = 5.0;
				TARGETED_DEVICE_FAMILY = "1,2";
			};
			name = Debug;
		};
		42149EA32866130200D6E300 /* Release */ = {
			isa = XCBuildConfiguration;
			buildSettings = {
				ASSETCATALOG_COMPILER_APPICON_NAME = AppIcon;
				ASSETCATALOG_COMPILER_GLOBAL_ACCENT_COLOR_NAME = AccentColor;
				CODE_SIGN_STYLE = Automatic;
				DEVELOPMENT_TEAM = HPXMDUH97M;
				INFOPLIST_FILE = Challenge1Flags/Info.plist;
				LD_RUNPATH_SEARCH_PATHS = (
					"$(inherited)",
					"@executable_path/Frameworks",
				);
				PRODUCT_BUNDLE_IDENTIFIER = br.com.cleis.Challenge1Flags;
				PRODUCT_NAME = "$(TARGET_NAME)";
				SWIFT_VERSION = 5.0;
				TARGETED_DEVICE_FAMILY = "1,2";
			};
			name = Release;
		};
/* End XCBuildConfiguration section */

/* Begin XCConfigurationList section */
		42149E88286612FC00D6E300 /* Build configuration list for PBXProject "Challenge1Flags" */ = {
			isa = XCConfigurationList;
			buildConfigurations = (
				42149E9F2866130200D6E300 /* Debug */,
				42149EA02866130200D6E300 /* Release */,
			);
			defaultConfigurationIsVisible = 0;
			defaultConfigurationName = Release;
		};
		42149EA12866130200D6E300 /* Build configuration list for PBXNativeTarget "Challenge1Flags" */ = {
			isa = XCConfigurationList;
			buildConfigurations = (
				42149EA22866130200D6E300 /* Debug */,
				42149EA32866130200D6E300 /* Release */,
			);
			defaultConfigurationIsVisible = 0;
			defaultConfigurationName = Release;
		};
/* End XCConfigurationList section */
	};
	rootObject = 42149E85286612FC00D6E300 /* Project object */;
}
